// !$*UTF8*$!
{
	archiveVersion = 1;
	classes = {
	};
	objectVersion = 50;
	objects = {

/* Begin PBXBuildFile section */
		4B1C919225AFE6340088F423 /* AppDelegate.swift in Sources */ = {isa = PBXBuildFile; fileRef = 4B1C919125AFE6340088F423 /* AppDelegate.swift */; };
		4B1C919425AFE6340088F423 /* art.scnassets in Resources */ = {isa = PBXBuildFile; fileRef = 4B1C919325AFE6340088F423 /* art.scnassets */; };
		4B1C919625AFE6340088F423 /* ARViewController.swift in Sources */ = {isa = PBXBuildFile; fileRef = 4B1C919525AFE6340088F423 /* ARViewController.swift */; };
		4B1C919925AFE6340088F423 /* Main.storyboard in Resources */ = {isa = PBXBuildFile; fileRef = 4B1C919725AFE6340088F423 /* Main.storyboard */; };
		4B1C919B25AFE6370088F423 /* Assets.xcassets in Resources */ = {isa = PBXBuildFile; fileRef = 4B1C919A25AFE6370088F423 /* Assets.xcassets */; };
		4B1C919E25AFE6370088F423 /* LaunchScreen.storyboard in Resources */ = {isa = PBXBuildFile; fileRef = 4B1C919C25AFE6370088F423 /* LaunchScreen.storyboard */; };
		4B1C91AE25B2D0490088F423 /* RoomImageViewController.swift in Sources */ = {isa = PBXBuildFile; fileRef = 4B1C91AD25B2D0480088F423 /* RoomImageViewController.swift */; };
		4B1C91B825B3D8360088F423 /* DrawRoom.swift in Sources */ = {isa = PBXBuildFile; fileRef = 4B1C91B725B3D8360088F423 /* DrawRoom.swift */; };
		4BD4DA2F25BFA3ED0076587E /* UIView+ConvertToImage.swift in Sources */ = {isa = PBXBuildFile; fileRef = 4BD4DA2E25BFA3EC0076587E /* UIView+ConvertToImage.swift */; };
/* End PBXBuildFile section */

/* Begin PBXFileReference section */
		4B1C918E25AFE6340088F423 /* ARRoomMeasure.app */ = {isa = PBXFileReference; explicitFileType = wrapper.application; includeInIndex = 0; path = ARRoomMeasure.app; sourceTree = BUILT_PRODUCTS_DIR; };
		4B1C919125AFE6340088F423 /* AppDelegate.swift */ = {isa = PBXFileReference; lastKnownFileType = sourcecode.swift; path = AppDelegate.swift; sourceTree = "<group>"; };
		4B1C919325AFE6340088F423 /* art.scnassets */ = {isa = PBXFileReference; lastKnownFileType = wrapper.scnassets; path = art.scnassets; sourceTree = "<group>"; };
		4B1C919525AFE6340088F423 /* ARViewController.swift */ = {isa = PBXFileReference; lastKnownFileType = sourcecode.swift; path = ARViewController.swift; sourceTree = "<group>"; };
		4B1C919825AFE6340088F423 /* Base */ = {isa = PBXFileReference; lastKnownFileType = file.storyboard; name = Base; path = Base.lproj/Main.storyboard; sourceTree = "<group>"; };
		4B1C919A25AFE6370088F423 /* Assets.xcassets */ = {isa = PBXFileReference; lastKnownFileType = folder.assetcatalog; path = Assets.xcassets; sourceTree = "<group>"; };
		4B1C919D25AFE6370088F423 /* Base */ = {isa = PBXFileReference; lastKnownFileType = file.storyboard; name = Base; path = Base.lproj/LaunchScreen.storyboard; sourceTree = "<group>"; };
		4B1C919F25AFE6370088F423 /* Info.plist */ = {isa = PBXFileReference; lastKnownFileType = text.plist.xml; path = Info.plist; sourceTree = "<group>"; };
		4B1C91AD25B2D0480088F423 /* RoomImageViewController.swift */ = {isa = PBXFileReference; lastKnownFileType = sourcecode.swift; path = RoomImageViewController.swift; sourceTree = "<group>"; };
		4B1C91B725B3D8360088F423 /* DrawRoom.swift */ = {isa = PBXFileReference; lastKnownFileType = sourcecode.swift; path = DrawRoom.swift; sourceTree = "<group>"; };
		4BD4DA2E25BFA3EC0076587E /* UIView+ConvertToImage.swift */ = {isa = PBXFileReference; lastKnownFileType = sourcecode.swift; path = "UIView+ConvertToImage.swift"; sourceTree = "<group>"; };
/* End PBXFileReference section */

/* Begin PBXFrameworksBuildPhase section */
		4B1C918B25AFE6340088F423 /* Frameworks */ = {
			isa = PBXFrameworksBuildPhase;
			buildActionMask = 2147483647;
			files = (
			);
			runOnlyForDeploymentPostprocessing = 0;
		};
/* End PBXFrameworksBuildPhase section */

/* Begin PBXGroup section */
		4B1C918525AFE6340088F423 = {
			isa = PBXGroup;
			children = (
				4B1C919025AFE6340088F423 /* ARRoomMeasure */,
				4B1C918F25AFE6340088F423 /* Products */,
			);
			sourceTree = "<group>";
		};
		4B1C918F25AFE6340088F423 /* Products */ = {
			isa = PBXGroup;
			children = (
				4B1C918E25AFE6340088F423 /* ARRoomMeasure.app */,
			);
			name = Products;
			sourceTree = "<group>";
		};
		4B1C919025AFE6340088F423 /* ARRoomMeasure */ = {
			isa = PBXGroup;
			children = (
				4B1C919125AFE6340088F423 /* AppDelegate.swift */,
				4B1C919725AFE6340088F423 /* Main.storyboard */,
				4BD4DA3425BFA6C40076587E /* ViewController */,
				4BD4DA3325BFA6BF0076587E /* View */,
				4BD4DA3125BFA67D0076587E /* UIView */,
				4B1C919A25AFE6370088F423 /* Assets.xcassets */,
				4B1C919325AFE6340088F423 /* art.scnassets */,
				4B1C919C25AFE6370088F423 /* LaunchScreen.storyboard */,
				4B1C919F25AFE6370088F423 /* Info.plist */,
			);
			path = ARRoomMeasure;
			sourceTree = "<group>";
		};
		4BD4DA3125BFA67D0076587E /* UIView */ = {
			isa = PBXGroup;
			children = (
				4BD4DA2E25BFA3EC0076587E /* UIView+ConvertToImage.swift */,
			);
			path = UIView;
			sourceTree = "<group>";
		};
		4BD4DA3325BFA6BF0076587E /* View */ = {
			isa = PBXGroup;
			children = (
				4B1C91B725B3D8360088F423 /* DrawRoom.swift */,
			);
			path = View;
			sourceTree = "<group>";
		};
		4BD4DA3425BFA6C40076587E /* ViewController */ = {
			isa = PBXGroup;
			children = (
				4B1C919525AFE6340088F423 /* ARViewController.swift */,
				4B1C91AD25B2D0480088F423 /* RoomImageViewController.swift */,
			);
			path = ViewController;
			sourceTree = "<group>";
		};
/* End PBXGroup section */

/* Begin PBXNativeTarget section */
		4B1C918D25AFE6340088F423 /* ARRoomMeasure */ = {
			isa = PBXNativeTarget;
			buildConfigurationList = 4B1C91A225AFE6370088F423 /* Build configuration list for PBXNativeTarget "ARRoomMeasure" */;
			buildPhases = (
				4B1C918A25AFE6340088F423 /* Sources */,
				4B1C918B25AFE6340088F423 /* Frameworks */,
				4B1C918C25AFE6340088F423 /* Resources */,
			);
			buildRules = (
			);
			dependencies = (
			);
			name = ARRoomMeasure;
			productName = ARRoomMeasure;
			productReference = 4B1C918E25AFE6340088F423 /* ARRoomMeasure.app */;
			productType = "com.apple.product-type.application";
		};
/* End PBXNativeTarget section */

/* Begin PBXProject section */
		4B1C918625AFE6340088F423 /* Project object */ = {
			isa = PBXProject;
			attributes = {
				LastSwiftUpdateCheck = 1230;
				LastUpgradeCheck = 1230;
				TargetAttributes = {
					4B1C918D25AFE6340088F423 = {
						CreatedOnToolsVersion = 12.3;
					};
				};
			};
			buildConfigurationList = 4B1C918925AFE6340088F423 /* Build configuration list for PBXProject "ARRoomMeasure" */;
			compatibilityVersion = "Xcode 9.3";
			developmentRegion = en;
			hasScannedForEncodings = 0;
			knownRegions = (
				en,
				Base,
			);
			mainGroup = 4B1C918525AFE6340088F423;
			productRefGroup = 4B1C918F25AFE6340088F423 /* Products */;
			projectDirPath = "";
			projectRoot = "";
			targets = (
				4B1C918D25AFE6340088F423 /* ARRoomMeasure */,
			);
		};
/* End PBXProject section */

/* Begin PBXResourcesBuildPhase section */
		4B1C918C25AFE6340088F423 /* Resources */ = {
			isa = PBXResourcesBuildPhase;
			buildActionMask = 2147483647;
			files = (
				4B1C919425AFE6340088F423 /* art.scnassets in Resources */,
				4B1C919E25AFE6370088F423 /* LaunchScreen.storyboard in Resources */,
				4B1C919B25AFE6370088F423 /* Assets.xcassets in Resources */,
				4B1C919925AFE6340088F423 /* Main.storyboard in Resources */,
			);
			runOnlyForDeploymentPostprocessing = 0;
		};
/* End PBXResourcesBuildPhase section */

/* Begin PBXSourcesBuildPhase section */
		4B1C918A25AFE6340088F423 /* Sources */ = {
			isa = PBXSourcesBuildPhase;
			buildActionMask = 2147483647;
			files = (
				4B1C91B825B3D8360088F423 /* DrawRoom.swift in Sources */,
				4BD4DA2F25BFA3ED0076587E /* UIView+ConvertToImage.swift in Sources */,
				4B1C919625AFE6340088F423 /* ARViewController.swift in Sources */,
				4B1C91AE25B2D0490088F423 /* RoomImageViewController.swift in Sources */,
				4B1C919225AFE6340088F423 /* AppDelegate.swift in Sources */,
			);
			runOnlyForDeploymentPostprocessing = 0;
		};
/* End PBXSourcesBuildPhase section */

/* Begin PBXVariantGroup section */
		4B1C919725AFE6340088F423 /* Main.storyboard */ = {
			isa = PBXVariantGroup;
			children = (
				4B1C919825AFE6340088F423 /* Base */,
			);
			name = Main.storyboard;
			sourceTree = "<group>";
		};
		4B1C919C25AFE6370088F423 /* LaunchScreen.storyboard */ = {
			isa = PBXVariantGroup;
			children = (
				4B1C919D25AFE6370088F423 /* Base */,
			);
			name = LaunchScreen.storyboard;
			sourceTree = "<group>";
		};
/* End PBXVariantGroup section */

/* Begin XCBuildConfiguration section */
		4B1C91A025AFE6370088F423 /* Debug */ = {
			isa = XCBuildConfiguration;
			buildSettings = {
				ALWAYS_SEARCH_USER_PATHS = NO;
				CLANG_ANALYZER_NONNULL = YES;
				CLANG_ANALYZER_NUMBER_OBJECT_CONVERSION = YES_AGGRESSIVE;
				CLANG_CXX_LANGUAGE_STANDARD = "gnu++14";
				CLANG_CXX_LIBRARY = "libc++";
				CLANG_ENABLE_MODULES = YES;
				CLANG_ENABLE_OBJC_ARC = YES;
				CLANG_ENABLE_OBJC_WEAK = YES;
				CLANG_WARN_BLOCK_CAPTURE_AUTORELEASING = YES;
				CLANG_WARN_BOOL_CONVERSION = YES;
				CLANG_WARN_COMMA = YES;
				CLANG_WARN_CONSTANT_CONVERSION = YES;
				CLANG_WARN_DEPRECATED_OBJC_IMPLEMENTATIONS = YES;
				CLANG_WARN_DIRECT_OBJC_ISA_USAGE = YES_ERROR;
				CLANG_WARN_DOCUMENTATION_COMMENTS = YES;
				CLANG_WARN_EMPTY_BODY = YES;
				CLANG_WARN_ENUM_CONVERSION = YES;
				CLANG_WARN_INFINITE_RECURSION = YES;
				CLANG_WARN_INT_CONVERSION = YES;
				CLANG_WARN_NON_LITERAL_NULL_CONVERSION = YES;
				CLANG_WARN_OBJC_IMPLICIT_RETAIN_SELF = YES;
				CLANG_WARN_OBJC_LITERAL_CONVERSION = YES;
				CLANG_WARN_OBJC_ROOT_CLASS = YES_ERROR;
				CLANG_WARN_QUOTED_INCLUDE_IN_FRAMEWORK_HEADER = YES;
				CLANG_WARN_RANGE_LOOP_ANALYSIS = YES;
				CLANG_WARN_STRICT_PROTOTYPES = YES;
				CLANG_WARN_SUSPICIOUS_MOVE = YES;
				CLANG_WARN_UNGUARDED_AVAILABILITY = YES_AGGRESSIVE;
				CLANG_WARN_UNREACHABLE_CODE = YES;
				CLANG_WARN__DUPLICATE_METHOD_MATCH = YES;
				COPY_PHASE_STRIP = NO;
				DEBUG_INFORMATION_FORMAT = dwarf;
				ENABLE_STRICT_OBJC_MSGSEND = YES;
				ENABLE_TESTABILITY = YES;
				GCC_C_LANGUAGE_STANDARD = gnu11;
				GCC_DYNAMIC_NO_PIC = NO;
				GCC_NO_COMMON_BLOCKS = YES;
				GCC_OPTIMIZATION_LEVEL = 0;
				GCC_PREPROCESSOR_DEFINITIONS = (
					"DEBUG=1",
					"$(inherited)",
				);
				GCC_WARN_64_TO_32_BIT_CONVERSION = YES;
				GCC_WARN_ABOUT_RETURN_TYPE = YES_ERROR;
				GCC_WARN_UNDECLARED_SELECTOR = YES;
				GCC_WARN_UNINITIALIZED_AUTOS = YES_AGGRESSIVE;
				GCC_WARN_UNUSED_FUNCTION = YES;
				GCC_WARN_UNUSED_VARIABLE = YES;
				IPHONEOS_DEPLOYMENT_TARGET = 14.2;
				MTL_ENABLE_DEBUG_INFO = INCLUDE_SOURCE;
				MTL_FAST_MATH = YES;
				ONLY_ACTIVE_ARCH = YES;
				SDKROOT = iphoneos;
				SWIFT_ACTIVE_COMPILATION_CONDITIONS = DEBUG;
				SWIFT_OPTIMIZATION_LEVEL = "-Onone";
			};
			name = Debug;
		};
		4B1C91A125AFE6370088F423 /* Release */ = {
			isa = XCBuildConfiguration;
			buildSettings = {
				ALWAYS_SEARCH_USER_PATHS = NO;
				CLANG_ANALYZER_NONNULL = YES;
				CLANG_ANALYZER_NUMBER_OBJECT_CONVERSION = YES_AGGRESSIVE;
				CLANG_CXX_LANGUAGE_STANDARD = "gnu++14";
				CLANG_CXX_LIBRARY = "libc++";
				CLANG_ENABLE_MODULES = YES;
				CLANG_ENABLE_OBJC_ARC = YES;
				CLANG_ENABLE_OBJC_WEAK = YES;
				CLANG_WARN_BLOCK_CAPTURE_AUTORELEASING = YES;
				CLANG_WARN_BOOL_CONVERSION = YES;
				CLANG_WARN_COMMA = YES;
				CLANG_WARN_CONSTANT_CONVERSION = YES;
				CLANG_WARN_DEPRECATED_OBJC_IMPLEMENTATIONS = YES;
				CLANG_WARN_DIRECT_OBJC_ISA_USAGE = YES_ERROR;
				CLANG_WARN_DOCUMENTATION_COMMENTS = YES;
				CLANG_WARN_EMPTY_BODY = YES;
				CLANG_WARN_ENUM_CONVERSION = YES;
				CLANG_WARN_INFINITE_RECURSION = YES;
				CLANG_WARN_INT_CONVERSION = YES;
				CLANG_WARN_NON_LITERAL_NULL_CONVERSION = YES;
				CLANG_WARN_OBJC_IMPLICIT_RETAIN_SELF = YES;
				CLANG_WARN_OBJC_LITERAL_CONVERSION = YES;
				CLANG_WARN_OBJC_ROOT_CLASS = YES_ERROR;
				CLANG_WARN_QUOTED_INCLUDE_IN_FRAMEWORK_HEADER = YES;
				CLANG_WARN_RANGE_LOOP_ANALYSIS = YES;
				CLANG_WARN_STRICT_PROTOTYPES = YES;
				CLANG_WARN_SUSPICIOUS_MOVE = YES;
				CLANG_WARN_UNGUARDED_AVAILABILITY = YES_AGGRESSIVE;
				CLANG_WARN_UNREACHABLE_CODE = YES;
				CLANG_WARN__DUPLICATE_METHOD_MATCH = YES;
				COPY_PHASE_STRIP = NO;
				DEBUG_INFORMATION_FORMAT = "dwarf-with-dsym";
				ENABLE_NS_ASSERTIONS = NO;
				ENABLE_STRICT_OBJC_MSGSEND = YES;
				GCC_C_LANGUAGE_STANDARD = gnu11;
				GCC_NO_COMMON_BLOCKS = YES;
				GCC_WARN_64_TO_32_BIT_CONVERSION = YES;
				GCC_WARN_ABOUT_RETURN_TYPE = YES_ERROR;
				GCC_WARN_UNDECLARED_SELECTOR = YES;
				GCC_WARN_UNINITIALIZED_AUTOS = YES_AGGRESSIVE;
				GCC_WARN_UNUSED_FUNCTION = YES;
				GCC_WARN_UNUSED_VARIABLE = YES;
				IPHONEOS_DEPLOYMENT_TARGET = 14.2;
				MTL_ENABLE_DEBUG_INFO = NO;
				MTL_FAST_MATH = YES;
				SDKROOT = iphoneos;
				SWIFT_COMPILATION_MODE = wholemodule;
				SWIFT_OPTIMIZATION_LEVEL = "-O";
				VALIDATE_PRODUCT = YES;
			};
			name = Release;
		};
		4B1C91A325AFE6370088F423 /* Debug */ = {
			isa = XCBuildConfiguration;
			buildSettings = {
				ASSETCATALOG_COMPILER_APPICON_NAME = AppIcon;
				ASSETCATALOG_COMPILER_GLOBAL_ACCENT_COLOR_NAME = AccentColor;
				CODE_SIGN_STYLE = Automatic;
				DEVELOPMENT_TEAM = B47X5TXYY6;
				INFOPLIST_FILE = ARRoomMeasure/Info.plist;
				LD_RUNPATH_SEARCH_PATHS = (
					"$(inherited)",
					"@executable_path/Frameworks",
				);
				PRODUCT_BUNDLE_IDENTIFIER = "yumi-KB.ARRoomMeasure";
				PRODUCT_NAME = "$(TARGET_NAME)";
				SWIFT_VERSION = 5.0;
				TARGETED_DEVICE_FAMILY = "1,2";
			};
			name = Debug;
		};
		4B1C91A425AFE6370088F423 /* Release */ = {
			isa = XCBuildConfiguration;
			buildSettings = {
				ASSETCATALOG_COMPILER_APPICON_NAME = AppIcon;
				ASSETCATALOG_COMPILER_GLOBAL_ACCENT_COLOR_NAME = AccentColor;
				CODE_SIGN_STYLE = Automatic;
				DEVELOPMENT_TEAM = B47X5TXYY6;
				INFOPLIST_FILE = ARRoomMeasure/Info.plist;
				LD_RUNPATH_SEARCH_PATHS = (
					"$(inherited)",
					"@executable_path/Frameworks",
				);
				PRODUCT_BUNDLE_IDENTIFIER = "yumi-KB.ARRoomMeasure";
				PRODUCT_NAME = "$(TARGET_NAME)";
				SWIFT_VERSION = 5.0;
				TARGETED_DEVICE_FAMILY = "1,2";
			};
			name = Release;
		};
/* End XCBuildConfiguration section */

/* Begin XCConfigurationList section */
		4B1C918925AFE6340088F423 /* Build configuration list for PBXProject "ARRoomMeasure" */ = {
			isa = XCConfigurationList;
			buildConfigurations = (
				4B1C91A025AFE6370088F423 /* Debug */,
				4B1C91A125AFE6370088F423 /* Release */,
			);
			defaultConfigurationIsVisible = 0;
			defaultConfigurationName = Release;
		};
		4B1C91A225AFE6370088F423 /* Build configuration list for PBXNativeTarget "ARRoomMeasure" */ = {
			isa = XCConfigurationList;
			buildConfigurations = (
				4B1C91A325AFE6370088F423 /* Debug */,
				4B1C91A425AFE6370088F423 /* Release */,
			);
			defaultConfigurationIsVisible = 0;
			defaultConfigurationName = Release;
		};
/* End XCConfigurationList section */
	};
	rootObject = 4B1C918625AFE6340088F423 /* Project object */;
}
